# This file is automatically @generated by Cargo.
# It is not intended for manual editing.
[[package]]
name = "actions"
version = "0.1.0"
dependencies = [
 "smallvec 0.6.11 (registry+https://github.com/rust-lang/crates.io-index)",
]

[[package]]
name = "smallvec"
version = "0.6.11"
source = "registry+https://github.com/rust-lang/crates.io-index"

[metadata]
"checksum smallvec 0.6.11 (registry+https://github.com/rust-lang/crates.io-index)" = "cefaa50e76a6f10b86f36e640eb1739eafbd4084865067778463913e43a77ff3"
