# This file is automatically @generated by Cargo.
# It is not intended for manual editing.
[[package]]
name = "actions"
version = "0.1.0"
dependencies = [
 "smallvec 0.6.12 (registry+https://github.com/rust-lang/crates.io-index)",
]

[[package]]
name = "smallvec"
version = "0.6.12"
source = "registry+https://github.com/rust-lang/crates.io-index"

[metadata]
"checksum smallvec 0.6.12 (registry+https://github.com/rust-lang/crates.io-index)" = "533e29e15d0748f28afbaf4ff7cab44d73e483a8e50b38c40bd13b7f3d48f542"
