# This file is automatically @generated by Cargo.
# It is not intended for manual editing.
[[package]]
name = "actions"
version = "0.1.0"
dependencies = [
 "smallvec 0.5.1 (registry+https://github.com/rust-lang/crates.io-index)",
]

[[package]]
name = "smallvec"
version = "0.5.1"
source = "registry+https://github.com/rust-lang/crates.io-index"

[metadata]
"checksum smallvec 0.5.1 (registry+https://github.com/rust-lang/crates.io-index)" = "1347484b6f8bc4b32a9323d9800b6d934376391002ad9c528cc659fe8afc08ee"
